
Microsoft Visual Studio Solution File, Format Version 12.00
# Visual Studio Version 17
VisualStudioVersion = 17.8.34330.188
MinimumVisualStudioVersion = 10.0.40219.1
Project("{9A19103F-16F7-4668-BE54-9A1E7A4F7556}") = "BudgetKeeper", "BudgetKeeper\BudgetKeeper.csproj", "{FBC3EF32-AD6C-4DF9-86DC-3195243D46C0}"
EndProject
Project("{9A19103F-16F7-4668-BE54-9A1E7A4F7556}") = "BudgetKeeper.Domain", "BudgetKeeper.Domain\BudgetKeeper.Domain.csproj", "{A590EE7C-261E-49C6-9B03-5B52EC07FA2F}"
EndProject
Project("{9A19103F-16F7-4668-BE54-9A1E7A4F7556}") = "BudgetKeeper.EFCore", "BudgetKeeper.EFCore\BudgetKeeper.EFCore.csproj", "{53AD595A-B758-4ACD-8C82-303D1F0CF6CE}"
EndProject
Global
	GlobalSection(SolutionConfigurationPlatforms) = preSolution
		Debug|Any CPU = Debug|Any CPU
		Release|Any CPU = Release|Any CPU
	EndGlobalSection
	GlobalSection(ProjectConfigurationPlatforms) = postSolution
		{FBC3EF32-AD6C-4DF9-86DC-3195243D46C0}.Debug|Any CPU.ActiveCfg = Debug|Any CPU
		{FBC3EF32-AD6C-4DF9-86DC-3195243D46C0}.Debug|Any CPU.Build.0 = Debug|Any CPU
		{FBC3EF32-AD6C-4DF9-86DC-3195243D46C0}.Release|Any CPU.ActiveCfg = Release|Any CPU
		{FBC3EF32-AD6C-4DF9-86DC-3195243D46C0}.Release|Any CPU.Build.0 = Release|Any CPU
		{A590EE7C-261E-49C6-9B03-5B52EC07FA2F}.Debug|Any CPU.ActiveCfg = Debug|Any CPU
		{A590EE7C-261E-49C6-9B03-5B52EC07FA2F}.Debug|Any CPU.Build.0 = Debug|Any CPU
		{A590EE7C-261E-49C6-9B03-5B52EC07FA2F}.Release|Any CPU.ActiveCfg = Release|Any CPU
		{A590EE7C-261E-49C6-9B03-5B52EC07FA2F}.Release|Any CPU.Build.0 = Release|Any CPU
		{53AD595A-B758-4ACD-8C82-303D1F0CF6CE}.Debug|Any CPU.ActiveCfg = Debug|Any CPU
		{53AD595A-B758-4ACD-8C82-303D1F0CF6CE}.Debug|Any CPU.Build.0 = Debug|Any CPU
		{53AD595A-B758-4ACD-8C82-303D1F0CF6CE}.Release|Any CPU.ActiveCfg = Release|Any CPU
		{53AD595A-B758-4ACD-8C82-303D1F0CF6CE}.Release|Any CPU.Build.0 = Release|Any CPU
	EndGlobalSection
	GlobalSection(SolutionProperties) = preSolution
		HideSolutionNode = FALSE
	EndGlobalSection
	GlobalSection(ExtensibilityGlobals) = postSolution
		SolutionGuid = {C679065E-D6C0-4019-A27C-59626F86E241}
	EndGlobalSection
EndGlobal
